
Microsoft Visual Studio Solution File, Format Version 12.00
# Visual Studio Version 17
VisualStudioVersion = 17.13.35931.197 d17.13
MinimumVisualStudioVersion = 10.0.40219.1
Project("{FAE04EC0-301F-11D3-BF4B-00C04F79EFBC}") = "education", "education.csproj", "{0F7B89EE-0A95-2471-A31B-31E29EAA2A75}"
EndProject
Global
	GlobalSection(SolutionConfigurationPlatforms) = preSolution
		Debug|Any CPU = Debug|Any CPU
		Release|Any CPU = Release|Any CPU
	EndGlobalSection
	GlobalSection(ProjectConfigurationPlatforms) = postSolution
		{0F7B89EE-0A95-2471-A31B-31E29EAA2A75}.Debug|Any CPU.ActiveCfg = Debug|Any CPU
		{0F7B89EE-0A95-2471-A31B-31E29EAA2A75}.Debug|Any CPU.Build.0 = Debug|Any CPU
		{0F7B89EE-0A95-2471-A31B-31E29EAA2A75}.Release|Any CPU.ActiveCfg = Release|Any CPU
		{0F7B89EE-0A95-2471-A31B-31E29EAA2A75}.Release|Any CPU.Build.0 = Release|Any CPU
	EndGlobalSection
	GlobalSection(SolutionProperties) = preSolution
		HideSolutionNode = FALSE
	EndGlobalSection
	GlobalSection(ExtensibilityGlobals) = postSolution
		SolutionGuid = {C91ED32D-749A-4B30-B20C-65974D175783}
	EndGlobalSection
EndGlobal
